// !$*UTF8*$!
{
	archiveVersion = 1;
	classes = {
	};
	objectVersion = 51;
	objects = {

/* Begin PBXBuildFile section */
		F51F510826E3B86900EADFE4 /* DatabaseManager.swift in Sources */ = {isa = PBXBuildFile; fileRef = F51F510726E3B86900EADFE4 /* DatabaseManager.swift */; };
		F51F510A26E3B98400EADFE4 /* AuthManager.swift in Sources */ = {isa = PBXBuildFile; fileRef = F51F510926E3B98400EADFE4 /* AuthManager.swift */; };
		F51F510C26E3B9D500EADFE4 /* StorageManager.swift in Sources */ = {isa = PBXBuildFile; fileRef = F51F510B26E3B9D500EADFE4 /* StorageManager.swift */; };
		F51F510E26E3EF0300EADFE4 /* Extensions.swift in Sources */ = {isa = PBXBuildFile; fileRef = F51F510D26E3EF0300EADFE4 /* Extensions.swift */; };
		F5AD361E26E39EF700924FA6 /* AppDelegate.swift in Sources */ = {isa = PBXBuildFile; fileRef = F5AD361D26E39EF700924FA6 /* AppDelegate.swift */; };
		F5AD362026E39EF700924FA6 /* SceneDelegate.swift in Sources */ = {isa = PBXBuildFile; fileRef = F5AD361F26E39EF700924FA6 /* SceneDelegate.swift */; };
		F5AD362226E39EF700924FA6 /* HomeViewController.swift in Sources */ = {isa = PBXBuildFile; fileRef = F5AD362126E39EF700924FA6 /* HomeViewController.swift */; };
		F5AD362526E39EF700924FA6 /* Main.storyboard in Resources */ = {isa = PBXBuildFile; fileRef = F5AD362326E39EF700924FA6 /* Main.storyboard */; };
		F5AD362726E39F0500924FA6 /* Assets.xcassets in Resources */ = {isa = PBXBuildFile; fileRef = F5AD362626E39F0500924FA6 /* Assets.xcassets */; };
		F5AD362A26E39F0500924FA6 /* LaunchScreen.storyboard in Resources */ = {isa = PBXBuildFile; fileRef = F5AD362826E39F0500924FA6 /* LaunchScreen.storyboard */; };
		F5AD363726E3A05300924FA6 /* ExploreViewController.swift in Sources */ = {isa = PBXBuildFile; fileRef = F5AD363626E3A05300924FA6 /* ExploreViewController.swift */; };
		F5AD363926E3A07600924FA6 /* CameraViewController.swift in Sources */ = {isa = PBXBuildFile; fileRef = F5AD363826E3A07600924FA6 /* CameraViewController.swift */; };
		F5AD363B26E3A09800924FA6 /* NotificationViewController.swift in Sources */ = {isa = PBXBuildFile; fileRef = F5AD363A26E3A09800924FA6 /* NotificationViewController.swift */; };
		F5AD363D26E3A0B100924FA6 /* ProfileViewController.swift in Sources */ = {isa = PBXBuildFile; fileRef = F5AD363C26E3A0B100924FA6 /* ProfileViewController.swift */; };
		F5AD364226E3A16E00924FA6 /* LoginViewController.swift in Sources */ = {isa = PBXBuildFile; fileRef = F5AD364126E3A16E00924FA6 /* LoginViewController.swift */; };
		F5AD364426E3A18500924FA6 /* RegistrationViewController.swift in Sources */ = {isa = PBXBuildFile; fileRef = F5AD364326E3A18500924FA6 /* RegistrationViewController.swift */; };
		F5AD364626E3A19D00924FA6 /* PostViewController.swift in Sources */ = {isa = PBXBuildFile; fileRef = F5AD364526E3A19D00924FA6 /* PostViewController.swift */; };
		F5AD364826E3A1C600924FA6 /* EditProfileViewController.swift in Sources */ = {isa = PBXBuildFile; fileRef = F5AD364726E3A1C600924FA6 /* EditProfileViewController.swift */; };
		F5AD364A26E3A1ED00924FA6 /* SettingsViewController.swift in Sources */ = {isa = PBXBuildFile; fileRef = F5AD364926E3A1ED00924FA6 /* SettingsViewController.swift */; };
		F5AD364C26E3A21000924FA6 /* ListViewController.swift in Sources */ = {isa = PBXBuildFile; fileRef = F5AD364B26E3A21000924FA6 /* ListViewController.swift */; };
		F5AD364E26E3A22900924FA6 /* SearchViewController.swift in Sources */ = {isa = PBXBuildFile; fileRef = F5AD364D26E3A22900924FA6 /* SearchViewController.swift */; };
		F5AD365026E3A23C00924FA6 /* SearchResultViewController.swift in Sources */ = {isa = PBXBuildFile; fileRef = F5AD364F26E3A23C00924FA6 /* SearchResultViewController.swift */; };
		F5AD365226E3A27100924FA6 /* PostEditorViewController.swift in Sources */ = {isa = PBXBuildFile; fileRef = F5AD365126E3A27100924FA6 /* PostEditorViewController.swift */; };
		F5AD365426E3A29500924FA6 /* PublishPostViewController.swift in Sources */ = {isa = PBXBuildFile; fileRef = F5AD365326E3A29500924FA6 /* PublishPostViewController.swift */; };
		F5AD365626E3AA7200924FA6 /* GoogleService-Info.plist in Resources */ = {isa = PBXBuildFile; fileRef = F5AD365526E3AA7200924FA6 /* GoogleService-Info.plist */; };
		FB8F2A67D2C31028408F4D0D /* Pods_InstagramClone.framework in Frameworks */ = {isa = PBXBuildFile; fileRef = 1614AB8F6DA8E88C150683D2 /* Pods_InstagramClone.framework */; };
/* End PBXBuildFile section */

/* Begin PBXFileReference section */
		0A238ED1103083730610C8C7 /* Pods-InstagramClone.debug.xcconfig */ = {isa = PBXFileReference; includeInIndex = 1; lastKnownFileType = text.xcconfig; name = "Pods-InstagramClone.debug.xcconfig"; path = "Target Support Files/Pods-InstagramClone/Pods-InstagramClone.debug.xcconfig"; sourceTree = "<group>"; };
		1614AB8F6DA8E88C150683D2 /* Pods_InstagramClone.framework */ = {isa = PBXFileReference; explicitFileType = wrapper.framework; includeInIndex = 0; path = Pods_InstagramClone.framework; sourceTree = BUILT_PRODUCTS_DIR; };
		90B77AD75E85DEA7DF887F74 /* Pods-InstagramClone.release.xcconfig */ = {isa = PBXFileReference; includeInIndex = 1; lastKnownFileType = text.xcconfig; name = "Pods-InstagramClone.release.xcconfig"; path = "Target Support Files/Pods-InstagramClone/Pods-InstagramClone.release.xcconfig"; sourceTree = "<group>"; };
		F51F510726E3B86900EADFE4 /* DatabaseManager.swift */ = {isa = PBXFileReference; lastKnownFileType = sourcecode.swift; path = DatabaseManager.swift; sourceTree = "<group>"; };
		F51F510926E3B98400EADFE4 /* AuthManager.swift */ = {isa = PBXFileReference; lastKnownFileType = sourcecode.swift; path = AuthManager.swift; sourceTree = "<group>"; };
		F51F510B26E3B9D500EADFE4 /* StorageManager.swift */ = {isa = PBXFileReference; lastKnownFileType = sourcecode.swift; path = StorageManager.swift; sourceTree = "<group>"; };
		F51F510D26E3EF0300EADFE4 /* Extensions.swift */ = {isa = PBXFileReference; lastKnownFileType = sourcecode.swift; path = Extensions.swift; sourceTree = "<group>"; };
		F5AD361A26E39EF700924FA6 /* InstagramClone.app */ = {isa = PBXFileReference; explicitFileType = wrapper.application; includeInIndex = 0; path = InstagramClone.app; sourceTree = BUILT_PRODUCTS_DIR; };
		F5AD361D26E39EF700924FA6 /* AppDelegate.swift */ = {isa = PBXFileReference; lastKnownFileType = sourcecode.swift; path = AppDelegate.swift; sourceTree = "<group>"; };
		F5AD361F26E39EF700924FA6 /* SceneDelegate.swift */ = {isa = PBXFileReference; lastKnownFileType = sourcecode.swift; path = SceneDelegate.swift; sourceTree = "<group>"; };
		F5AD362126E39EF700924FA6 /* HomeViewController.swift */ = {isa = PBXFileReference; lastKnownFileType = sourcecode.swift; path = HomeViewController.swift; sourceTree = "<group>"; };
		F5AD362426E39EF700924FA6 /* Base */ = {isa = PBXFileReference; lastKnownFileType = file.storyboard; name = Base; path = Base.lproj/Main.storyboard; sourceTree = "<group>"; };
		F5AD362626E39F0500924FA6 /* Assets.xcassets */ = {isa = PBXFileReference; lastKnownFileType = folder.assetcatalog; path = Assets.xcassets; sourceTree = "<group>"; };
		F5AD362926E39F0500924FA6 /* Base */ = {isa = PBXFileReference; lastKnownFileType = file.storyboard; name = Base; path = Base.lproj/LaunchScreen.storyboard; sourceTree = "<group>"; };
		F5AD362B26E39F0500924FA6 /* Info.plist */ = {isa = PBXFileReference; lastKnownFileType = text.plist.xml; path = Info.plist; sourceTree = "<group>"; };
		F5AD363626E3A05300924FA6 /* ExploreViewController.swift */ = {isa = PBXFileReference; lastKnownFileType = sourcecode.swift; path = ExploreViewController.swift; sourceTree = "<group>"; };
		F5AD363826E3A07600924FA6 /* CameraViewController.swift */ = {isa = PBXFileReference; lastKnownFileType = sourcecode.swift; path = CameraViewController.swift; sourceTree = "<group>"; };
		F5AD363A26E3A09800924FA6 /* NotificationViewController.swift */ = {isa = PBXFileReference; lastKnownFileType = sourcecode.swift; path = NotificationViewController.swift; sourceTree = "<group>"; };
		F5AD363C26E3A0B100924FA6 /* ProfileViewController.swift */ = {isa = PBXFileReference; lastKnownFileType = sourcecode.swift; path = ProfileViewController.swift; sourceTree = "<group>"; };
		F5AD364126E3A16E00924FA6 /* LoginViewController.swift */ = {isa = PBXFileReference; lastKnownFileType = sourcecode.swift; path = LoginViewController.swift; sourceTree = "<group>"; };
		F5AD364326E3A18500924FA6 /* RegistrationViewController.swift */ = {isa = PBXFileReference; lastKnownFileType = sourcecode.swift; path = RegistrationViewController.swift; sourceTree = "<group>"; };
		F5AD364526E3A19D00924FA6 /* PostViewController.swift */ = {isa = PBXFileReference; lastKnownFileType = sourcecode.swift; path = PostViewController.swift; sourceTree = "<group>"; };
		F5AD364726E3A1C600924FA6 /* EditProfileViewController.swift */ = {isa = PBXFileReference; lastKnownFileType = sourcecode.swift; path = EditProfileViewController.swift; sourceTree = "<group>"; };
		F5AD364926E3A1ED00924FA6 /* SettingsViewController.swift */ = {isa = PBXFileReference; lastKnownFileType = sourcecode.swift; path = SettingsViewController.swift; sourceTree = "<group>"; };
		F5AD364B26E3A21000924FA6 /* ListViewController.swift */ = {isa = PBXFileReference; lastKnownFileType = sourcecode.swift; path = ListViewController.swift; sourceTree = "<group>"; };
		F5AD364D26E3A22900924FA6 /* SearchViewController.swift */ = {isa = PBXFileReference; lastKnownFileType = sourcecode.swift; path = SearchViewController.swift; sourceTree = "<group>"; };
		F5AD364F26E3A23C00924FA6 /* SearchResultViewController.swift */ = {isa = PBXFileReference; lastKnownFileType = sourcecode.swift; path = SearchResultViewController.swift; sourceTree = "<group>"; };
		F5AD365126E3A27100924FA6 /* PostEditorViewController.swift */ = {isa = PBXFileReference; lastKnownFileType = sourcecode.swift; path = PostEditorViewController.swift; sourceTree = "<group>"; };
		F5AD365326E3A29500924FA6 /* PublishPostViewController.swift */ = {isa = PBXFileReference; lastKnownFileType = sourcecode.swift; path = PublishPostViewController.swift; sourceTree = "<group>"; };
		F5AD365526E3AA7200924FA6 /* GoogleService-Info.plist */ = {isa = PBXFileReference; fileEncoding = 4; lastKnownFileType = text.plist.xml; path = "GoogleService-Info.plist"; sourceTree = "<group>"; };
/* End PBXFileReference section */

/* Begin PBXFrameworksBuildPhase section */
		F5AD361726E39EF700924FA6 /* Frameworks */ = {
			isa = PBXFrameworksBuildPhase;
			buildActionMask = 2147483647;
			files = (
				FB8F2A67D2C31028408F4D0D /* Pods_InstagramClone.framework in Frameworks */,
			);
			runOnlyForDeploymentPostprocessing = 0;
		};
/* End PBXFrameworksBuildPhase section */

/* Begin PBXGroup section */
		3069904941A152A4EF036370 /* Pods */ = {
			isa = PBXGroup;
			children = (
				0A238ED1103083730610C8C7 /* Pods-InstagramClone.debug.xcconfig */,
				90B77AD75E85DEA7DF887F74 /* Pods-InstagramClone.release.xcconfig */,
			);
			path = Pods;
			sourceTree = "<group>";
		};
		F51F510626E3B78C00EADFE4 /* General */ = {
			isa = PBXGroup;
			children = (
				F5AD364926E3A1ED00924FA6 /* SettingsViewController.swift */,
				F5AD364526E3A19D00924FA6 /* PostViewController.swift */,
				F5AD364726E3A1C600924FA6 /* EditProfileViewController.swift */,
				F5AD364B26E3A21000924FA6 /* ListViewController.swift */,
				F5AD364D26E3A22900924FA6 /* SearchViewController.swift */,
				F5AD364F26E3A23C00924FA6 /* SearchResultViewController.swift */,
				F5AD365126E3A27100924FA6 /* PostEditorViewController.swift */,
				F5AD365326E3A29500924FA6 /* PublishPostViewController.swift */,
			);
			path = General;
			sourceTree = "<group>";
		};
		F5AD361126E39EF700924FA6 = {
			isa = PBXGroup;
			children = (
				F5AD361C26E39EF700924FA6 /* InstagramClone */,
				F5AD361B26E39EF700924FA6 /* Products */,
				3069904941A152A4EF036370 /* Pods */,
				F90B163C744170180803E17E /* Frameworks */,
			);
			sourceTree = "<group>";
		};
		F5AD361B26E39EF700924FA6 /* Products */ = {
			isa = PBXGroup;
			children = (
				F5AD361A26E39EF700924FA6 /* InstagramClone.app */,
			);
			name = Products;
			sourceTree = "<group>";
		};
		F5AD361C26E39EF700924FA6 /* InstagramClone */ = {
			isa = PBXGroup;
			children = (
				F5AD363426E39F7C00924FA6 /* Resources */,
				F5AD363326E39F6900924FA6 /* Models */,
				F5AD363226E39F5F00924FA6 /* Views */,
				F5AD363126E39F5500924FA6 /* Controllers */,
				F5AD362B26E39F0500924FA6 /* Info.plist */,
			);
			path = InstagramClone;
			sourceTree = "<group>";
		};
		F5AD363126E39F5500924FA6 /* Controllers */ = {
			isa = PBXGroup;
			children = (
				F5AD363F26E3A14300924FA6 /* Other */,
				F5AD363E26E3A0D000924FA6 /* Core Tabs */,
			);
			path = Controllers;
			sourceTree = "<group>";
		};
		F5AD363226E39F5F00924FA6 /* Views */ = {
			isa = PBXGroup;
			children = (
				F5AD363526E39FD000924FA6 /* Storyboards */,
				F5AD362626E39F0500924FA6 /* Assets.xcassets */,
			);
			path = Views;
			sourceTree = "<group>";
		};
		F5AD363326E39F6900924FA6 /* Models */ = {
			isa = PBXGroup;
			children = (
			);
			path = Models;
			sourceTree = "<group>";
		};
		F5AD363426E39F7C00924FA6 /* Resources */ = {
			isa = PBXGroup;
			children = (
				F5AD365526E3AA7200924FA6 /* GoogleService-Info.plist */,
				F5AD361D26E39EF700924FA6 /* AppDelegate.swift */,
				F5AD361F26E39EF700924FA6 /* SceneDelegate.swift */,
				F51F510726E3B86900EADFE4 /* DatabaseManager.swift */,
				F51F510926E3B98400EADFE4 /* AuthManager.swift */,
				F51F510B26E3B9D500EADFE4 /* StorageManager.swift */,
				F51F510D26E3EF0300EADFE4 /* Extensions.swift */,
			);
			path = Resources;
			sourceTree = "<group>";
		};
		F5AD363526E39FD000924FA6 /* Storyboards */ = {
			isa = PBXGroup;
			children = (
				F5AD362326E39EF700924FA6 /* Main.storyboard */,
				F5AD362826E39F0500924FA6 /* LaunchScreen.storyboard */,
			);
			path = Storyboards;
			sourceTree = "<group>";
		};
		F5AD363E26E3A0D000924FA6 /* Core Tabs */ = {
			isa = PBXGroup;
			children = (
				F5AD362126E39EF700924FA6 /* HomeViewController.swift */,
				F5AD363626E3A05300924FA6 /* ExploreViewController.swift */,
				F5AD363826E3A07600924FA6 /* CameraViewController.swift */,
				F5AD363A26E3A09800924FA6 /* NotificationViewController.swift */,
				F5AD363C26E3A0B100924FA6 /* ProfileViewController.swift */,
			);
			path = "Core Tabs";
			sourceTree = "<group>";
		};
		F5AD363F26E3A14300924FA6 /* Other */ = {
			isa = PBXGroup;
			children = (
				F5AD364026E3A14D00924FA6 /* Onboarding */,
				F51F510626E3B78C00EADFE4 /* General */,
			);
			path = Other;
			sourceTree = "<group>";
		};
		F5AD364026E3A14D00924FA6 /* Onboarding */ = {
			isa = PBXGroup;
			children = (
				F5AD364126E3A16E00924FA6 /* LoginViewController.swift */,
				F5AD364326E3A18500924FA6 /* RegistrationViewController.swift */,
			);
			path = Onboarding;
			sourceTree = "<group>";
		};
		F90B163C744170180803E17E /* Frameworks */ = {
			isa = PBXGroup;
			children = (
				1614AB8F6DA8E88C150683D2 /* Pods_InstagramClone.framework */,
			);
			name = Frameworks;
			sourceTree = "<group>";
		};
/* End PBXGroup section */

/* Begin PBXNativeTarget section */
		F5AD361926E39EF700924FA6 /* InstagramClone */ = {
			isa = PBXNativeTarget;
			buildConfigurationList = F5AD362E26E39F0500924FA6 /* Build configuration list for PBXNativeTarget "InstagramClone" */;
			buildPhases = (
				8BEAD3840C8B4343743DD448 /* [CP] Check Pods Manifest.lock */,
				F5AD361626E39EF700924FA6 /* Sources */,
				F5AD361726E39EF700924FA6 /* Frameworks */,
				F5AD361826E39EF700924FA6 /* Resources */,
				3ABBDA9749E9F4B105355AC0 /* [CP] Embed Pods Frameworks */,
			);
			buildRules = (
			);
			dependencies = (
			);
			name = InstagramClone;
			productName = InstagramClone;
			productReference = F5AD361A26E39EF700924FA6 /* InstagramClone.app */;
			productType = "com.apple.product-type.application";
		};
/* End PBXNativeTarget section */

/* Begin PBXProject section */
		F5AD361226E39EF700924FA6 /* Project object */ = {
			isa = PBXProject;
			attributes = {
				LastSwiftUpdateCheck = 1250;
				LastUpgradeCheck = 1250;
				TargetAttributes = {
					F5AD361926E39EF700924FA6 = {
						CreatedOnToolsVersion = 12.5.1;
					};
				};
			};
			buildConfigurationList = F5AD361526E39EF700924FA6 /* Build configuration list for PBXProject "InstagramClone" */;
			compatibilityVersion = "Xcode 9.3";
			developmentRegion = en;
			hasScannedForEncodings = 0;
			knownRegions = (
				en,
				Base,
			);
			mainGroup = F5AD361126E39EF700924FA6;
			productRefGroup = F5AD361B26E39EF700924FA6 /* Products */;
			projectDirPath = "";
			projectRoot = "";
			targets = (
				F5AD361926E39EF700924FA6 /* InstagramClone */,
			);
		};
/* End PBXProject section */

/* Begin PBXResourcesBuildPhase section */
		F5AD361826E39EF700924FA6 /* Resources */ = {
			isa = PBXResourcesBuildPhase;
			buildActionMask = 2147483647;
			files = (
				F5AD362A26E39F0500924FA6 /* LaunchScreen.storyboard in Resources */,
				F5AD365626E3AA7200924FA6 /* GoogleService-Info.plist in Resources */,
				F5AD362726E39F0500924FA6 /* Assets.xcassets in Resources */,
				F5AD362526E39EF700924FA6 /* Main.storyboard in Resources */,
			);
			runOnlyForDeploymentPostprocessing = 0;
		};
/* End PBXResourcesBuildPhase section */

/* Begin PBXShellScriptBuildPhase section */
		3ABBDA9749E9F4B105355AC0 /* [CP] Embed Pods Frameworks */ = {
			isa = PBXShellScriptBuildPhase;
			buildActionMask = 2147483647;
			files = (
			);
			inputFileListPaths = (
				"${PODS_ROOT}/Target Support Files/Pods-InstagramClone/Pods-InstagramClone-frameworks-${CONFIGURATION}-input-files.xcfilelist",
			);
			name = "[CP] Embed Pods Frameworks";
			outputFileListPaths = (
				"${PODS_ROOT}/Target Support Files/Pods-InstagramClone/Pods-InstagramClone-frameworks-${CONFIGURATION}-output-files.xcfilelist",
			);
			runOnlyForDeploymentPostprocessing = 0;
			shellPath = /bin/sh;
			shellScript = "\"${PODS_ROOT}/Target Support Files/Pods-InstagramClone/Pods-InstagramClone-frameworks.sh\"\n";
			showEnvVarsInLog = 0;
		};
		8BEAD3840C8B4343743DD448 /* [CP] Check Pods Manifest.lock */ = {
			isa = PBXShellScriptBuildPhase;
			buildActionMask = 2147483647;
			files = (
			);
			inputFileListPaths = (
			);
			inputPaths = (
				"${PODS_PODFILE_DIR_PATH}/Podfile.lock",
				"${PODS_ROOT}/Manifest.lock",
			);
			name = "[CP] Check Pods Manifest.lock";
			outputFileListPaths = (
			);
			outputPaths = (
				"$(DERIVED_FILE_DIR)/Pods-InstagramClone-checkManifestLockResult.txt",
			);
			runOnlyForDeploymentPostprocessing = 0;
			shellPath = /bin/sh;
			shellScript = "diff \"${PODS_PODFILE_DIR_PATH}/Podfile.lock\" \"${PODS_ROOT}/Manifest.lock\" > /dev/null\nif [ $? != 0 ] ; then\n    # print error to STDERR\n    echo \"error: The sandbox is not in sync with the Podfile.lock. Run 'pod install' or update your CocoaPods installation.\" >&2\n    exit 1\nfi\n# This output is used by Xcode 'outputs' to avoid re-running this script phase.\necho \"SUCCESS\" > \"${SCRIPT_OUTPUT_FILE_0}\"\n";
			showEnvVarsInLog = 0;
		};
/* End PBXShellScriptBuildPhase section */

/* Begin PBXSourcesBuildPhase section */
		F5AD361626E39EF700924FA6 /* Sources */ = {
			isa = PBXSourcesBuildPhase;
			buildActionMask = 2147483647;
			files = (
				F5AD364826E3A1C600924FA6 /* EditProfileViewController.swift in Sources */,
				F5AD363726E3A05300924FA6 /* ExploreViewController.swift in Sources */,
				F5AD365426E3A29500924FA6 /* PublishPostViewController.swift in Sources */,
				F5AD363926E3A07600924FA6 /* CameraViewController.swift in Sources */,
				F5AD363B26E3A09800924FA6 /* NotificationViewController.swift in Sources */,
				F5AD364426E3A18500924FA6 /* RegistrationViewController.swift in Sources */,
				F5AD365226E3A27100924FA6 /* PostEditorViewController.swift in Sources */,
				F51F510C26E3B9D500EADFE4 /* StorageManager.swift in Sources */,
				F5AD364626E3A19D00924FA6 /* PostViewController.swift in Sources */,
				F51F510826E3B86900EADFE4 /* DatabaseManager.swift in Sources */,
				F5AD362226E39EF700924FA6 /* HomeViewController.swift in Sources */,
				F5AD365026E3A23C00924FA6 /* SearchResultViewController.swift in Sources */,
				F5AD364226E3A16E00924FA6 /* LoginViewController.swift in Sources */,
				F51F510E26E3EF0300EADFE4 /* Extensions.swift in Sources */,
				F5AD364E26E3A22900924FA6 /* SearchViewController.swift in Sources */,
				F5AD363D26E3A0B100924FA6 /* ProfileViewController.swift in Sources */,
				F51F510A26E3B98400EADFE4 /* AuthManager.swift in Sources */,
				F5AD361E26E39EF700924FA6 /* AppDelegate.swift in Sources */,
				F5AD362026E39EF700924FA6 /* SceneDelegate.swift in Sources */,
				F5AD364C26E3A21000924FA6 /* ListViewController.swift in Sources */,
				F5AD364A26E3A1ED00924FA6 /* SettingsViewController.swift in Sources */,
			);
			runOnlyForDeploymentPostprocessing = 0;
		};
/* End PBXSourcesBuildPhase section */

/* Begin PBXVariantGroup section */
		F5AD362326E39EF700924FA6 /* Main.storyboard */ = {
			isa = PBXVariantGroup;
			children = (
				F5AD362426E39EF700924FA6 /* Base */,
			);
			name = Main.storyboard;
			sourceTree = "<group>";
		};
		F5AD362826E39F0500924FA6 /* LaunchScreen.storyboard */ = {
			isa = PBXVariantGroup;
			children = (
				F5AD362926E39F0500924FA6 /* Base */,
			);
			name = LaunchScreen.storyboard;
			sourceTree = "<group>";
		};
/* End PBXVariantGroup section */

/* Begin XCBuildConfiguration section */
		F5AD362C26E39F0500924FA6 /* Debug */ = {
			isa = XCBuildConfiguration;
			buildSettings = {
				ALWAYS_SEARCH_USER_PATHS = NO;
				CLANG_ANALYZER_NONNULL = YES;
				CLANG_ANALYZER_NUMBER_OBJECT_CONVERSION = YES_AGGRESSIVE;
				CLANG_CXX_LANGUAGE_STANDARD = "gnu++14";
				CLANG_CXX_LIBRARY = "libc++";
				CLANG_ENABLE_MODULES = YES;
				CLANG_ENABLE_OBJC_ARC = YES;
				CLANG_ENABLE_OBJC_WEAK = YES;
				CLANG_WARN_BLOCK_CAPTURE_AUTORELEASING = YES;
				CLANG_WARN_BOOL_CONVERSION = YES;
				CLANG_WARN_COMMA = YES;
				CLANG_WARN_CONSTANT_CONVERSION = YES;
				CLANG_WARN_DEPRECATED_OBJC_IMPLEMENTATIONS = YES;
				CLANG_WARN_DIRECT_OBJC_ISA_USAGE = YES_ERROR;
				CLANG_WARN_DOCUMENTATION_COMMENTS = YES;
				CLANG_WARN_EMPTY_BODY = YES;
				CLANG_WARN_ENUM_CONVERSION = YES;
				CLANG_WARN_INFINITE_RECURSION = YES;
				CLANG_WARN_INT_CONVERSION = YES;
				CLANG_WARN_NON_LITERAL_NULL_CONVERSION = YES;
				CLANG_WARN_OBJC_IMPLICIT_RETAIN_SELF = YES;
				CLANG_WARN_OBJC_LITERAL_CONVERSION = YES;
				CLANG_WARN_OBJC_ROOT_CLASS = YES_ERROR;
				CLANG_WARN_QUOTED_INCLUDE_IN_FRAMEWORK_HEADER = YES;
				CLANG_WARN_RANGE_LOOP_ANALYSIS = YES;
				CLANG_WARN_STRICT_PROTOTYPES = YES;
				CLANG_WARN_SUSPICIOUS_MOVE = YES;
				CLANG_WARN_UNGUARDED_AVAILABILITY = YES_AGGRESSIVE;
				CLANG_WARN_UNREACHABLE_CODE = YES;
				CLANG_WARN__DUPLICATE_METHOD_MATCH = YES;
				COPY_PHASE_STRIP = NO;
				DEBUG_INFORMATION_FORMAT = dwarf;
				ENABLE_STRICT_OBJC_MSGSEND = YES;
				ENABLE_TESTABILITY = YES;
				GCC_C_LANGUAGE_STANDARD = gnu11;
				GCC_DYNAMIC_NO_PIC = NO;
				GCC_NO_COMMON_BLOCKS = YES;
				GCC_OPTIMIZATION_LEVEL = 0;
				GCC_PREPROCESSOR_DEFINITIONS = (
					"DEBUG=1",
					"$(inherited)",
				);
				GCC_WARN_64_TO_32_BIT_CONVERSION = YES;
				GCC_WARN_ABOUT_RETURN_TYPE = YES_ERROR;
				GCC_WARN_UNDECLARED_SELECTOR = YES;
				GCC_WARN_UNINITIALIZED_AUTOS = YES_AGGRESSIVE;
				GCC_WARN_UNUSED_FUNCTION = YES;
				GCC_WARN_UNUSED_VARIABLE = YES;
				IPHONEOS_DEPLOYMENT_TARGET = 14.5;
				MTL_ENABLE_DEBUG_INFO = INCLUDE_SOURCE;
				MTL_FAST_MATH = YES;
				ONLY_ACTIVE_ARCH = YES;
				SDKROOT = iphoneos;
				SWIFT_ACTIVE_COMPILATION_CONDITIONS = DEBUG;
				SWIFT_OPTIMIZATION_LEVEL = "-Onone";
			};
			name = Debug;
		};
		F5AD362D26E39F0500924FA6 /* Release */ = {
			isa = XCBuildConfiguration;
			buildSettings = {
				ALWAYS_SEARCH_USER_PATHS = NO;
				CLANG_ANALYZER_NONNULL = YES;
				CLANG_ANALYZER_NUMBER_OBJECT_CONVERSION = YES_AGGRESSIVE;
				CLANG_CXX_LANGUAGE_STANDARD = "gnu++14";
				CLANG_CXX_LIBRARY = "libc++";
				CLANG_ENABLE_MODULES = YES;
				CLANG_ENABLE_OBJC_ARC = YES;
				CLANG_ENABLE_OBJC_WEAK = YES;
				CLANG_WARN_BLOCK_CAPTURE_AUTORELEASING = YES;
				CLANG_WARN_BOOL_CONVERSION = YES;
				CLANG_WARN_COMMA = YES;
				CLANG_WARN_CONSTANT_CONVERSION = YES;
				CLANG_WARN_DEPRECATED_OBJC_IMPLEMENTATIONS = YES;
				CLANG_WARN_DIRECT_OBJC_ISA_USAGE = YES_ERROR;
				CLANG_WARN_DOCUMENTATION_COMMENTS = YES;
				CLANG_WARN_EMPTY_BODY = YES;
				CLANG_WARN_ENUM_CONVERSION = YES;
				CLANG_WARN_INFINITE_RECURSION = YES;
				CLANG_WARN_INT_CONVERSION = YES;
				CLANG_WARN_NON_LITERAL_NULL_CONVERSION = YES;
				CLANG_WARN_OBJC_IMPLICIT_RETAIN_SELF = YES;
				CLANG_WARN_OBJC_LITERAL_CONVERSION = YES;
				CLANG_WARN_OBJC_ROOT_CLASS = YES_ERROR;
				CLANG_WARN_QUOTED_INCLUDE_IN_FRAMEWORK_HEADER = YES;
				CLANG_WARN_RANGE_LOOP_ANALYSIS = YES;
				CLANG_WARN_STRICT_PROTOTYPES = YES;
				CLANG_WARN_SUSPICIOUS_MOVE = YES;
				CLANG_WARN_UNGUARDED_AVAILABILITY = YES_AGGRESSIVE;
				CLANG_WARN_UNREACHABLE_CODE = YES;
				CLANG_WARN__DUPLICATE_METHOD_MATCH = YES;
				COPY_PHASE_STRIP = NO;
				DEBUG_INFORMATION_FORMAT = "dwarf-with-dsym";
				ENABLE_NS_ASSERTIONS = NO;
				ENABLE_STRICT_OBJC_MSGSEND = YES;
				GCC_C_LANGUAGE_STANDARD = gnu11;
				GCC_NO_COMMON_BLOCKS = YES;
				GCC_WARN_64_TO_32_BIT_CONVERSION = YES;
				GCC_WARN_ABOUT_RETURN_TYPE = YES_ERROR;
				GCC_WARN_UNDECLARED_SELECTOR = YES;
				GCC_WARN_UNINITIALIZED_AUTOS = YES_AGGRESSIVE;
				GCC_WARN_UNUSED_FUNCTION = YES;
				GCC_WARN_UNUSED_VARIABLE = YES;
				IPHONEOS_DEPLOYMENT_TARGET = 14.5;
				MTL_ENABLE_DEBUG_INFO = NO;
				MTL_FAST_MATH = YES;
				SDKROOT = iphoneos;
				SWIFT_COMPILATION_MODE = wholemodule;
				SWIFT_OPTIMIZATION_LEVEL = "-O";
				VALIDATE_PRODUCT = YES;
			};
			name = Release;
		};
		F5AD362F26E39F0500924FA6 /* Debug */ = {
			isa = XCBuildConfiguration;
			baseConfigurationReference = 0A238ED1103083730610C8C7 /* Pods-InstagramClone.debug.xcconfig */;
			buildSettings = {
				ASSETCATALOG_COMPILER_APPICON_NAME = AppIcon;
				ASSETCATALOG_COMPILER_GLOBAL_ACCENT_COLOR_NAME = AccentColor;
				CODE_SIGN_STYLE = Automatic;
				DEVELOPMENT_TEAM = 72B4ASD893;
				INFOPLIST_FILE = InstagramClone/Info.plist;
				IPHONEOS_DEPLOYMENT_TARGET = 13.0;
				LD_RUNPATH_SEARCH_PATHS = (
					"$(inherited)",
					"@executable_path/Frameworks",
				);
				PRODUCT_BUNDLE_IDENTIFIER = id.infiniteLearning.InstagramClone;
				PRODUCT_NAME = "$(TARGET_NAME)";
				SWIFT_VERSION = 5.0;
				TARGETED_DEVICE_FAMILY = "1,2";
			};
			name = Debug;
		};
		F5AD363026E39F0500924FA6 /* Release */ = {
			isa = XCBuildConfiguration;
			baseConfigurationReference = 90B77AD75E85DEA7DF887F74 /* Pods-InstagramClone.release.xcconfig */;
			buildSettings = {
				ASSETCATALOG_COMPILER_APPICON_NAME = AppIcon;
				ASSETCATALOG_COMPILER_GLOBAL_ACCENT_COLOR_NAME = AccentColor;
				CODE_SIGN_STYLE = Automatic;
				DEVELOPMENT_TEAM = 72B4ASD893;
				INFOPLIST_FILE = InstagramClone/Info.plist;
				IPHONEOS_DEPLOYMENT_TARGET = 13.0;
				LD_RUNPATH_SEARCH_PATHS = (
					"$(inherited)",
					"@executable_path/Frameworks",
				);
				PRODUCT_BUNDLE_IDENTIFIER = id.infiniteLearning.InstagramClone;
				PRODUCT_NAME = "$(TARGET_NAME)";
				SWIFT_VERSION = 5.0;
				TARGETED_DEVICE_FAMILY = "1,2";
			};
			name = Release;
		};
/* End XCBuildConfiguration section */

/* Begin XCConfigurationList section */
		F5AD361526E39EF700924FA6 /* Build configuration list for PBXProject "InstagramClone" */ = {
			isa = XCConfigurationList;
			buildConfigurations = (
				F5AD362C26E39F0500924FA6 /* Debug */,
				F5AD362D26E39F0500924FA6 /* Release */,
			);
			defaultConfigurationIsVisible = 0;
			defaultConfigurationName = Release;
		};
		F5AD362E26E39F0500924FA6 /* Build configuration list for PBXNativeTarget "InstagramClone" */ = {
			isa = XCConfigurationList;
			buildConfigurations = (
				F5AD362F26E39F0500924FA6 /* Debug */,
				F5AD363026E39F0500924FA6 /* Release */,
			);
			defaultConfigurationIsVisible = 0;
			defaultConfigurationName = Release;
		};
/* End XCConfigurationList section */
	};
	rootObject = F5AD361226E39EF700924FA6 /* Project object */;
}
